
Microsoft Visual Studio Solution File, Format Version 12.00
# Visual Studio Version 17
VisualStudioVersion = 17.5.33516.290
MinimumVisualStudioVersion = 10.0.40219.1
Project("{FAE04EC0-301F-11D3-BF4B-00C04F79EFBC}") = "bfe.energiedashboard.landesundenergieverbrauch", "bfe.energiedashboard.landesundenergieverbrauch\bfe.energiedashboard.landesundenergieverbrauch.csproj", "{2A3EA46B-97ED-493D-BB15-913577EBA98C}"
EndProject
Global
	GlobalSection(SolutionConfigurationPlatforms) = preSolution
		Debug|Any CPU = Debug|Any CPU
		Release|Any CPU = Release|Any CPU
	EndGlobalSection
	GlobalSection(ProjectConfigurationPlatforms) = postSolution
		{2A3EA46B-97ED-493D-BB15-913577EBA98C}.Debug|Any CPU.ActiveCfg = Debug|Any CPU
		{2A3EA46B-97ED-493D-BB15-913577EBA98C}.Debug|Any CPU.Build.0 = Debug|Any CPU
		{2A3EA46B-97ED-493D-BB15-913577EBA98C}.Release|Any CPU.ActiveCfg = Release|Any CPU
		{2A3EA46B-97ED-493D-BB15-913577EBA98C}.Release|Any CPU.Build.0 = Release|Any CPU
	EndGlobalSection
	GlobalSection(SolutionProperties) = preSolution
		HideSolutionNode = FALSE
	EndGlobalSection
	GlobalSection(ExtensibilityGlobals) = postSolution
		SolutionGuid = {818AB511-CD4D-463B-8A51-5C784DE41B60}
	EndGlobalSection
EndGlobal
