
Microsoft Visual Studio Solution File, Format Version 12.00
# Visual Studio Version 17
VisualStudioVersion = 17.0.31717.71
MinimumVisualStudioVersion = 10.0.40219.1
Project("{9A19103F-16F7-4668-BE54-9A1E7A4F7556}") = "bfe.energyBlazorDemo", "bfe.energyBlazorDemo.csproj", "{3A69F958-AFB3-45B1-BCCA-A48A373D0796}"
EndProject
Global
	GlobalSection(SolutionConfigurationPlatforms) = preSolution
		Debug|Any CPU = Debug|Any CPU
		Release|Any CPU = Release|Any CPU
	EndGlobalSection
	GlobalSection(ProjectConfigurationPlatforms) = postSolution
		{3A69F958-AFB3-45B1-BCCA-A48A373D0796}.Debug|Any CPU.ActiveCfg = Debug|Any CPU
		{3A69F958-AFB3-45B1-BCCA-A48A373D0796}.Debug|Any CPU.Build.0 = Debug|Any CPU
		{3A69F958-AFB3-45B1-BCCA-A48A373D0796}.Release|Any CPU.ActiveCfg = Release|Any CPU
		{3A69F958-AFB3-45B1-BCCA-A48A373D0796}.Release|Any CPU.Build.0 = Release|Any CPU
	EndGlobalSection
	GlobalSection(SolutionProperties) = preSolution
		HideSolutionNode = FALSE
	EndGlobalSection
	GlobalSection(ExtensibilityGlobals) = postSolution
		SolutionGuid = {F580C7CE-6B83-4DA8-BDA0-A59F94258825}
	EndGlobalSection
EndGlobal